
Microsoft Visual Studio Solution File, Format Version 12.00
# Visual Studio Version 17
VisualStudioVersion = 17.0.32112.339
MinimumVisualStudioVersion = 10.0.40219.1
Project("{FAE04EC0-301F-11D3-BF4B-00C04F79EFBC}") = "ckjm-analyzer", "ckjm-analyzer.csproj", "{F316920E-A403-4BF7-9DDD-6402129266EA}"
EndProject
Global
	GlobalSection(SolutionConfigurationPlatforms) = preSolution
		Debug|Any CPU = Debug|Any CPU
		Release|Any CPU = Release|Any CPU
	EndGlobalSection
	GlobalSection(ProjectConfigurationPlatforms) = postSolution
		{F316920E-A403-4BF7-9DDD-6402129266EA}.Debug|Any CPU.ActiveCfg = Debug|Any CPU
		{F316920E-A403-4BF7-9DDD-6402129266EA}.Debug|Any CPU.Build.0 = Debug|Any CPU
		{F316920E-A403-4BF7-9DDD-6402129266EA}.Release|Any CPU.ActiveCfg = Release|Any CPU
		{F316920E-A403-4BF7-9DDD-6402129266EA}.Release|Any CPU.Build.0 = Release|Any CPU
	EndGlobalSection
	GlobalSection(SolutionProperties) = preSolution
		HideSolutionNode = FALSE
	EndGlobalSection
	GlobalSection(ExtensibilityGlobals) = postSolution
		SolutionGuid = {EACDBE31-C188-4058-A696-2883682FA54F}
	EndGlobalSection
EndGlobal
